// !$*UTF8*$!
{
	archiveVersion = 1;
	classes = {
	};
	objectVersion = 50;
	objects = {

/* Begin PBXBuildFile section */
		3C2678D02670B599006B77D8 /* AppDelegate.swift in Sources */ = {isa = PBXBuildFile; fileRef = 3C2678CF2670B599006B77D8 /* AppDelegate.swift */; };
		3C2678D22670B599006B77D8 /* SceneDelegate.swift in Sources */ = {isa = PBXBuildFile; fileRef = 3C2678D12670B599006B77D8 /* SceneDelegate.swift */; };
		3C2678DC2670B59B006B77D8 /* LaunchScreen.storyboard in Resources */ = {isa = PBXBuildFile; fileRef = 3C2678DA2670B59B006B77D8 /* LaunchScreen.storyboard */; };
		3C2678E52670B6A7006B77D8 /* Assets.xcassets in Resources */ = {isa = PBXBuildFile; fileRef = 3C2678E42670B6A6006B77D8 /* Assets.xcassets */; };
		3C2678EE2670B6CE006B77D8 /* Extensions.swift in Sources */ = {isa = PBXBuildFile; fileRef = 3C2678ED2670B6CE006B77D8 /* Extensions.swift */; };
		3C2678F12670B6F2006B77D8 /* Main.storyboard in Resources */ = {isa = PBXBuildFile; fileRef = 3C2678F02670B6F2006B77D8 /* Main.storyboard */; };
		3C52A87A267163D4005BB18A /* Ad.swift in Sources */ = {isa = PBXBuildFile; fileRef = 3C52A879267163D4005BB18A /* Ad.swift */; };
		3C52A87D26716490005BB18A /* Service.swift in Sources */ = {isa = PBXBuildFile; fileRef = 3C52A87C26716490005BB18A /* Service.swift */; };
		3C52A8802671FB85005BB18A /* AdCell.swift in Sources */ = {isa = PBXBuildFile; fileRef = 3C52A87F2671FB84005BB18A /* AdCell.swift */; };
		3C52A8832671FEC2005BB18A /* AdController.swift in Sources */ = {isa = PBXBuildFile; fileRef = 3C52A8822671FEC2005BB18A /* AdController.swift */; };
		3C52A8A726726B52005BB18A /* ListRow.swift in Sources */ = {isa = PBXBuildFile; fileRef = 3C52A8A626726B52005BB18A /* ListRow.swift */; };
		3C5BA1D92676A14600191756 /* FilterCell.swift in Sources */ = {isa = PBXBuildFile; fileRef = 3C5BA1D82676A14600191756 /* FilterCell.swift */; };
		3C5BA1DC2677347F00191756 /* LocationButton.swift in Sources */ = {isa = PBXBuildFile; fileRef = 3C5BA1DB2677347F00191756 /* LocationButton.swift */; };
		3C5BA1DF267771AB00191756 /* FilterRow.swift in Sources */ = {isa = PBXBuildFile; fileRef = 3C5BA1DE267771AB00191756 /* FilterRow.swift */; };
		3C5BA1E22677B40E00191756 /* FilterSectionHeader.swift in Sources */ = {isa = PBXBuildFile; fileRef = 3C5BA1E12677B40E00191756 /* FilterSectionHeader.swift */; };
		3C6A5F5C2670BA660091D2B5 /* MessagesController.swift in Sources */ = {isa = PBXBuildFile; fileRef = 3C6A5F5B2670BA660091D2B5 /* MessagesController.swift */; };
		3C6A5F632670BA770091D2B5 /* AuthController.swift in Sources */ = {isa = PBXBuildFile; fileRef = 3C6A5F5E2670BA770091D2B5 /* AuthController.swift */; };
		3C6A5F652670BA770091D2B5 /* NewAdController.swift in Sources */ = {isa = PBXBuildFile; fileRef = 3C6A5F602670BA770091D2B5 /* NewAdController.swift */; };
		3C6A5F662670BA770091D2B5 /* AdsController.swift in Sources */ = {isa = PBXBuildFile; fileRef = 3C6A5F612670BA770091D2B5 /* AdsController.swift */; };
		3C6A5F672670BA770091D2B5 /* NotifyController.swift in Sources */ = {isa = PBXBuildFile; fileRef = 3C6A5F622670BA770091D2B5 /* NotifyController.swift */; };
		3C6A5F6C2670BB550091D2B5 /* RegisterPromptView.swift in Sources */ = {isa = PBXBuildFile; fileRef = 3C6A5F6A2670BB540091D2B5 /* RegisterPromptView.swift */; };
		3C6A5F712670BB640091D2B5 /* SettingsController.swift in Sources */ = {isa = PBXBuildFile; fileRef = 3C6A5F702670BB640091D2B5 /* SettingsController.swift */; };
		3C6D627D2673B6C600FACD22 /* BlocketButton.swift in Sources */ = {isa = PBXBuildFile; fileRef = 3C6D627C2673B6C600FACD22 /* BlocketButton.swift */; };
		3C6D629A2674ED2D00FACD22 /* TappableView.swift in Sources */ = {isa = PBXBuildFile; fileRef = 3C6D62992674ED2D00FACD22 /* TappableView.swift */; };
		3C6D62A02674FECD00FACD22 /* SimpleLabel.swift in Sources */ = {isa = PBXBuildFile; fileRef = 3C6D629F2674FECD00FACD22 /* SimpleLabel.swift */; };
		3C6D62A626754BEE00FACD22 /* AdOptionsController.swift in Sources */ = {isa = PBXBuildFile; fileRef = 3C6D62A526754BEE00FACD22 /* AdOptionsController.swift */; };
		3C6D62C226767FAE00FACD22 /* FilterController.swift in Sources */ = {isa = PBXBuildFile; fileRef = 3C6D62C126767FAE00FACD22 /* FilterController.swift */; };
		3CAA52D82670D93500F4AB3C /* NotificationsCell.swift in Sources */ = {isa = PBXBuildFile; fileRef = 3CAA52D72670D93500F4AB3C /* NotificationsCell.swift */; };
		3CAA52DB2670D94500F4AB3C /* SettingsCell.swift in Sources */ = {isa = PBXBuildFile; fileRef = 3CAA52DA2670D94500F4AB3C /* SettingsCell.swift */; };
/* End PBXBuildFile section */

/* Begin PBXFileReference section */
		3C2678CC2670B599006B77D8 /* blocket-test.app */ = {isa = PBXFileReference; explicitFileType = wrapper.application; includeInIndex = 0; path = "blocket-test.app"; sourceTree = BUILT_PRODUCTS_DIR; };
		3C2678CF2670B599006B77D8 /* AppDelegate.swift */ = {isa = PBXFileReference; lastKnownFileType = sourcecode.swift; path = AppDelegate.swift; sourceTree = "<group>"; };
		3C2678D12670B599006B77D8 /* SceneDelegate.swift */ = {isa = PBXFileReference; lastKnownFileType = sourcecode.swift; path = SceneDelegate.swift; sourceTree = "<group>"; };
		3C2678DB2670B59B006B77D8 /* Base */ = {isa = PBXFileReference; lastKnownFileType = file.storyboard; name = Base; path = Base.lproj/LaunchScreen.storyboard; sourceTree = "<group>"; };
		3C2678DD2670B59B006B77D8 /* Info.plist */ = {isa = PBXFileReference; lastKnownFileType = text.plist.xml; path = Info.plist; sourceTree = "<group>"; };
		3C2678E42670B6A6006B77D8 /* Assets.xcassets */ = {isa = PBXFileReference; lastKnownFileType = folder.assetcatalog; path = Assets.xcassets; sourceTree = "<group>"; };
		3C2678ED2670B6CE006B77D8 /* Extensions.swift */ = {isa = PBXFileReference; fileEncoding = 4; lastKnownFileType = sourcecode.swift; path = Extensions.swift; sourceTree = "<group>"; };
		3C2678F02670B6F2006B77D8 /* Main.storyboard */ = {isa = PBXFileReference; fileEncoding = 4; lastKnownFileType = file.storyboard; path = Main.storyboard; sourceTree = "<group>"; };
		3C52A879267163D4005BB18A /* Ad.swift */ = {isa = PBXFileReference; lastKnownFileType = sourcecode.swift; path = Ad.swift; sourceTree = "<group>"; };
		3C52A87C26716490005BB18A /* Service.swift */ = {isa = PBXFileReference; lastKnownFileType = sourcecode.swift; path = Service.swift; sourceTree = "<group>"; };
		3C52A87F2671FB84005BB18A /* AdCell.swift */ = {isa = PBXFileReference; lastKnownFileType = sourcecode.swift; path = AdCell.swift; sourceTree = "<group>"; };
		3C52A8822671FEC2005BB18A /* AdController.swift */ = {isa = PBXFileReference; lastKnownFileType = sourcecode.swift; path = AdController.swift; sourceTree = "<group>"; };
		3C52A8A626726B52005BB18A /* ListRow.swift */ = {isa = PBXFileReference; lastKnownFileType = sourcecode.swift; path = ListRow.swift; sourceTree = "<group>"; };
		3C5BA1D82676A14600191756 /* FilterCell.swift */ = {isa = PBXFileReference; lastKnownFileType = sourcecode.swift; path = FilterCell.swift; sourceTree = "<group>"; };
		3C5BA1DB2677347F00191756 /* LocationButton.swift */ = {isa = PBXFileReference; lastKnownFileType = sourcecode.swift; path = LocationButton.swift; sourceTree = "<group>"; };
		3C5BA1DE267771AB00191756 /* FilterRow.swift */ = {isa = PBXFileReference; lastKnownFileType = sourcecode.swift; path = FilterRow.swift; sourceTree = "<group>"; };
		3C5BA1E12677B40E00191756 /* FilterSectionHeader.swift */ = {isa = PBXFileReference; lastKnownFileType = sourcecode.swift; path = FilterSectionHeader.swift; sourceTree = "<group>"; };
		3C6A5F5B2670BA660091D2B5 /* MessagesController.swift */ = {isa = PBXFileReference; lastKnownFileType = sourcecode.swift; path = MessagesController.swift; sourceTree = "<group>"; };
		3C6A5F5E2670BA770091D2B5 /* AuthController.swift */ = {isa = PBXFileReference; fileEncoding = 4; lastKnownFileType = sourcecode.swift; path = AuthController.swift; sourceTree = "<group>"; };
		3C6A5F602670BA770091D2B5 /* NewAdController.swift */ = {isa = PBXFileReference; fileEncoding = 4; lastKnownFileType = sourcecode.swift; path = NewAdController.swift; sourceTree = "<group>"; };
		3C6A5F612670BA770091D2B5 /* AdsController.swift */ = {isa = PBXFileReference; fileEncoding = 4; lastKnownFileType = sourcecode.swift; path = AdsController.swift; sourceTree = "<group>"; };
		3C6A5F622670BA770091D2B5 /* NotifyController.swift */ = {isa = PBXFileReference; fileEncoding = 4; lastKnownFileType = sourcecode.swift; path = NotifyController.swift; sourceTree = "<group>"; };
		3C6A5F6A2670BB540091D2B5 /* RegisterPromptView.swift */ = {isa = PBXFileReference; fileEncoding = 4; lastKnownFileType = sourcecode.swift; path = RegisterPromptView.swift; sourceTree = "<group>"; };
		3C6A5F702670BB640091D2B5 /* SettingsController.swift */ = {isa = PBXFileReference; fileEncoding = 4; lastKnownFileType = sourcecode.swift; path = SettingsController.swift; sourceTree = "<group>"; };
		3C6D627C2673B6C600FACD22 /* BlocketButton.swift */ = {isa = PBXFileReference; lastKnownFileType = sourcecode.swift; path = BlocketButton.swift; sourceTree = "<group>"; };
		3C6D62992674ED2D00FACD22 /* TappableView.swift */ = {isa = PBXFileReference; lastKnownFileType = sourcecode.swift; path = TappableView.swift; sourceTree = "<group>"; };
		3C6D629F2674FECD00FACD22 /* SimpleLabel.swift */ = {isa = PBXFileReference; lastKnownFileType = sourcecode.swift; path = SimpleLabel.swift; sourceTree = "<group>"; };
		3C6D62A526754BEE00FACD22 /* AdOptionsController.swift */ = {isa = PBXFileReference; lastKnownFileType = sourcecode.swift; path = AdOptionsController.swift; sourceTree = "<group>"; };
		3C6D62C126767FAE00FACD22 /* FilterController.swift */ = {isa = PBXFileReference; lastKnownFileType = sourcecode.swift; path = FilterController.swift; sourceTree = "<group>"; };
		3CAA52D72670D93500F4AB3C /* NotificationsCell.swift */ = {isa = PBXFileReference; lastKnownFileType = sourcecode.swift; path = NotificationsCell.swift; sourceTree = "<group>"; };
		3CAA52DA2670D94500F4AB3C /* SettingsCell.swift */ = {isa = PBXFileReference; lastKnownFileType = sourcecode.swift; path = SettingsCell.swift; sourceTree = "<group>"; };
/* End PBXFileReference section */

/* Begin PBXFrameworksBuildPhase section */
		3C2678C92670B599006B77D8 /* Frameworks */ = {
			isa = PBXFrameworksBuildPhase;
			buildActionMask = 2147483647;
			files = (
			);
			runOnlyForDeploymentPostprocessing = 0;
		};
/* End PBXFrameworksBuildPhase section */

/* Begin PBXGroup section */
		3C2678C32670B599006B77D8 = {
			isa = PBXGroup;
			children = (
				3C2678CE2670B599006B77D8 /* blocket-test */,
				3C2678CD2670B599006B77D8 /* Products */,
			);
			sourceTree = "<group>";
		};
		3C2678CD2670B599006B77D8 /* Products */ = {
			isa = PBXGroup;
			children = (
				3C2678CC2670B599006B77D8 /* blocket-test.app */,
			);
			name = Products;
			sourceTree = "<group>";
		};
		3C2678CE2670B599006B77D8 /* blocket-test */ = {
			isa = PBXGroup;
			children = (
				3C52A878267163BC005BB18A /* Model */,
				3C6A5F792670BC0F0091D2B5 /* View */,
				3C6A5F742670BBCF0091D2B5 /* Controller */,
				3C6D627A2673B69700FACD22 /* Utils */,
				3C2678CF2670B599006B77D8 /* AppDelegate.swift */,
				3C2678D12670B599006B77D8 /* SceneDelegate.swift */,
				3C2678F02670B6F2006B77D8 /* Main.storyboard */,
				3C2678DA2670B59B006B77D8 /* LaunchScreen.storyboard */,
				3C2678E42670B6A6006B77D8 /* Assets.xcassets */,
				3C2678DD2670B59B006B77D8 /* Info.plist */,
			);
			path = "blocket-test";
			sourceTree = "<group>";
		};
		3C52A878267163BC005BB18A /* Model */ = {
			isa = PBXGroup;
			children = (
				3C52A879267163D4005BB18A /* Ad.swift */,
			);
			path = Model;
			sourceTree = "<group>";
		};
		3C6A5F742670BBCF0091D2B5 /* Controller */ = {
			isa = PBXGroup;
			children = (
				3C6A5F762670BBEE0091D2B5 /* TabBar */,
				3C6A5F702670BB640091D2B5 /* SettingsController.swift */,
				3C52A8822671FEC2005BB18A /* AdController.swift */,
				3C6D62A526754BEE00FACD22 /* AdOptionsController.swift */,
				3C6D62C126767FAE00FACD22 /* FilterController.swift */,
			);
			path = Controller;
			sourceTree = "<group>";
		};
		3C6A5F762670BBEE0091D2B5 /* TabBar */ = {
			isa = PBXGroup;
			children = (
				3C6A5F612670BA770091D2B5 /* AdsController.swift */,
				3C6A5F5B2670BA660091D2B5 /* MessagesController.swift */,
				3C6A5F5E2670BA770091D2B5 /* AuthController.swift */,
				3C6A5F602670BA770091D2B5 /* NewAdController.swift */,
				3C6A5F622670BA770091D2B5 /* NotifyController.swift */,
			);
			path = TabBar;
			sourceTree = "<group>";
		};
		3C6A5F792670BC0F0091D2B5 /* View */ = {
			isa = PBXGroup;
			children = (
				3CAA52D62670D91900F4AB3C /* TableViewCells */,
				3C6A5F6A2670BB540091D2B5 /* RegisterPromptView.swift */,
				3C52A8A626726B52005BB18A /* ListRow.swift */,
				3C5BA1DE267771AB00191756 /* FilterRow.swift */,
				3C5BA1E12677B40E00191756 /* FilterSectionHeader.swift */,
			);
			path = View;
			sourceTree = "<group>";
		};
		3C6D627A2673B69700FACD22 /* Utils */ = {
			isa = PBXGroup;
			children = (
				3C2678ED2670B6CE006B77D8 /* Extensions.swift */,
				3C52A87C26716490005BB18A /* Service.swift */,
				3C6D627C2673B6C600FACD22 /* BlocketButton.swift */,
				3C6D62992674ED2D00FACD22 /* TappableView.swift */,
				3C6D629F2674FECD00FACD22 /* SimpleLabel.swift */,
				3C5BA1DB2677347F00191756 /* LocationButton.swift */,
			);
			path = Utils;
			sourceTree = "<group>";
		};
		3CAA52D62670D91900F4AB3C /* TableViewCells */ = {
			isa = PBXGroup;
			children = (
				3CAA52D72670D93500F4AB3C /* NotificationsCell.swift */,
				3CAA52DA2670D94500F4AB3C /* SettingsCell.swift */,
				3C52A87F2671FB84005BB18A /* AdCell.swift */,
				3C5BA1D82676A14600191756 /* FilterCell.swift */,
			);
			path = TableViewCells;
			sourceTree = "<group>";
		};
/* End PBXGroup section */

/* Begin PBXNativeTarget section */
		3C2678CB2670B599006B77D8 /* blocket-test */ = {
			isa = PBXNativeTarget;
			buildConfigurationList = 3C2678E02670B59B006B77D8 /* Build configuration list for PBXNativeTarget "blocket-test" */;
			buildPhases = (
				3C2678C82670B599006B77D8 /* Sources */,
				3C2678C92670B599006B77D8 /* Frameworks */,
				3C2678CA2670B599006B77D8 /* Resources */,
			);
			buildRules = (
			);
			dependencies = (
			);
			name = "blocket-test";
			productName = "blocket-test";
			productReference = 3C2678CC2670B599006B77D8 /* blocket-test.app */;
			productType = "com.apple.product-type.application";
		};
/* End PBXNativeTarget section */

/* Begin PBXProject section */
		3C2678C42670B599006B77D8 /* Project object */ = {
			isa = PBXProject;
			attributes = {
				LastSwiftUpdateCheck = 1240;
				LastUpgradeCheck = 1240;
				TargetAttributes = {
					3C2678CB2670B599006B77D8 = {
						CreatedOnToolsVersion = 12.4;
					};
				};
			};
			buildConfigurationList = 3C2678C72670B599006B77D8 /* Build configuration list for PBXProject "blocket-test" */;
			compatibilityVersion = "Xcode 9.3";
			developmentRegion = en;
			hasScannedForEncodings = 0;
			knownRegions = (
				en,
				Base,
			);
			mainGroup = 3C2678C32670B599006B77D8;
			productRefGroup = 3C2678CD2670B599006B77D8 /* Products */;
			projectDirPath = "";
			projectRoot = "";
			targets = (
				3C2678CB2670B599006B77D8 /* blocket-test */,
			);
		};
/* End PBXProject section */

/* Begin PBXResourcesBuildPhase section */
		3C2678CA2670B599006B77D8 /* Resources */ = {
			isa = PBXResourcesBuildPhase;
			buildActionMask = 2147483647;
			files = (
				3C2678DC2670B59B006B77D8 /* LaunchScreen.storyboard in Resources */,
				3C2678E52670B6A7006B77D8 /* Assets.xcassets in Resources */,
				3C2678F12670B6F2006B77D8 /* Main.storyboard in Resources */,
			);
			runOnlyForDeploymentPostprocessing = 0;
		};
/* End PBXResourcesBuildPhase section */

/* Begin PBXSourcesBuildPhase section */
		3C2678C82670B599006B77D8 /* Sources */ = {
			isa = PBXSourcesBuildPhase;
			buildActionMask = 2147483647;
			files = (
				3C6A5F6C2670BB550091D2B5 /* RegisterPromptView.swift in Sources */,
				3C2678D02670B599006B77D8 /* AppDelegate.swift in Sources */,
				3C52A87D26716490005BB18A /* Service.swift in Sources */,
				3C52A87A267163D4005BB18A /* Ad.swift in Sources */,
				3C2678EE2670B6CE006B77D8 /* Extensions.swift in Sources */,
				3C5BA1DF267771AB00191756 /* FilterRow.swift in Sources */,
				3C6A5F662670BA770091D2B5 /* AdsController.swift in Sources */,
				3C6D62A02674FECD00FACD22 /* SimpleLabel.swift in Sources */,
				3C5BA1E22677B40E00191756 /* FilterSectionHeader.swift in Sources */,
				3CAA52DB2670D94500F4AB3C /* SettingsCell.swift in Sources */,
				3CAA52D82670D93500F4AB3C /* NotificationsCell.swift in Sources */,
				3C6D62C226767FAE00FACD22 /* FilterController.swift in Sources */,
				3C52A8A726726B52005BB18A /* ListRow.swift in Sources */,
				3C6A5F652670BA770091D2B5 /* NewAdController.swift in Sources */,
				3C5BA1DC2677347F00191756 /* LocationButton.swift in Sources */,
				3C52A8832671FEC2005BB18A /* AdController.swift in Sources */,
				3C6A5F712670BB640091D2B5 /* SettingsController.swift in Sources */,
				3C6D62A626754BEE00FACD22 /* AdOptionsController.swift in Sources */,
				3C5BA1D92676A14600191756 /* FilterCell.swift in Sources */,
				3C6D629A2674ED2D00FACD22 /* TappableView.swift in Sources */,
				3C6A5F632670BA770091D2B5 /* AuthController.swift in Sources */,
				3C52A8802671FB85005BB18A /* AdCell.swift in Sources */,
				3C6D627D2673B6C600FACD22 /* BlocketButton.swift in Sources */,
				3C2678D22670B599006B77D8 /* SceneDelegate.swift in Sources */,
				3C6A5F5C2670BA660091D2B5 /* MessagesController.swift in Sources */,
				3C6A5F672670BA770091D2B5 /* NotifyController.swift in Sources */,
			);
			runOnlyForDeploymentPostprocessing = 0;
		};
/* End PBXSourcesBuildPhase section */

/* Begin PBXVariantGroup section */
		3C2678DA2670B59B006B77D8 /* LaunchScreen.storyboard */ = {
			isa = PBXVariantGroup;
			children = (
				3C2678DB2670B59B006B77D8 /* Base */,
			);
			name = LaunchScreen.storyboard;
			sourceTree = "<group>";
		};
/* End PBXVariantGroup section */

/* Begin XCBuildConfiguration section */
		3C2678DE2670B59B006B77D8 /* Debug */ = {
			isa = XCBuildConfiguration;
			buildSettings = {
				ALWAYS_SEARCH_USER_PATHS = NO;
				CLANG_ANALYZER_NONNULL = YES;
				CLANG_ANALYZER_NUMBER_OBJECT_CONVERSION = YES_AGGRESSIVE;
				CLANG_CXX_LANGUAGE_STANDARD = "gnu++14";
				CLANG_CXX_LIBRARY = "libc++";
				CLANG_ENABLE_MODULES = YES;
				CLANG_ENABLE_OBJC_ARC = YES;
				CLANG_ENABLE_OBJC_WEAK = YES;
				CLANG_WARN_BLOCK_CAPTURE_AUTORELEASING = YES;
				CLANG_WARN_BOOL_CONVERSION = YES;
				CLANG_WARN_COMMA = YES;
				CLANG_WARN_CONSTANT_CONVERSION = YES;
				CLANG_WARN_DEPRECATED_OBJC_IMPLEMENTATIONS = YES;
				CLANG_WARN_DIRECT_OBJC_ISA_USAGE = YES_ERROR;
				CLANG_WARN_DOCUMENTATION_COMMENTS = YES;
				CLANG_WARN_EMPTY_BODY = YES;
				CLANG_WARN_ENUM_CONVERSION = YES;
				CLANG_WARN_INFINITE_RECURSION = YES;
				CLANG_WARN_INT_CONVERSION = YES;
				CLANG_WARN_NON_LITERAL_NULL_CONVERSION = YES;
				CLANG_WARN_OBJC_IMPLICIT_RETAIN_SELF = YES;
				CLANG_WARN_OBJC_LITERAL_CONVERSION = YES;
				CLANG_WARN_OBJC_ROOT_CLASS = YES_ERROR;
				CLANG_WARN_QUOTED_INCLUDE_IN_FRAMEWORK_HEADER = YES;
				CLANG_WARN_RANGE_LOOP_ANALYSIS = YES;
				CLANG_WARN_STRICT_PROTOTYPES = YES;
				CLANG_WARN_SUSPICIOUS_MOVE = YES;
				CLANG_WARN_UNGUARDED_AVAILABILITY = YES_AGGRESSIVE;
				CLANG_WARN_UNREACHABLE_CODE = YES;
				CLANG_WARN__DUPLICATE_METHOD_MATCH = YES;
				COPY_PHASE_STRIP = NO;
				DEBUG_INFORMATION_FORMAT = dwarf;
				ENABLE_STRICT_OBJC_MSGSEND = YES;
				ENABLE_TESTABILITY = YES;
				GCC_C_LANGUAGE_STANDARD = gnu11;
				GCC_DYNAMIC_NO_PIC = NO;
				GCC_NO_COMMON_BLOCKS = YES;
				GCC_OPTIMIZATION_LEVEL = 0;
				GCC_PREPROCESSOR_DEFINITIONS = (
					"DEBUG=1",
					"$(inherited)",
				);
				GCC_WARN_64_TO_32_BIT_CONVERSION = YES;
				GCC_WARN_ABOUT_RETURN_TYPE = YES_ERROR;
				GCC_WARN_UNDECLARED_SELECTOR = YES;
				GCC_WARN_UNINITIALIZED_AUTOS = YES_AGGRESSIVE;
				GCC_WARN_UNUSED_FUNCTION = YES;
				GCC_WARN_UNUSED_VARIABLE = YES;
				IPHONEOS_DEPLOYMENT_TARGET = 14.4;
				MTL_ENABLE_DEBUG_INFO = INCLUDE_SOURCE;
				MTL_FAST_MATH = YES;
				ONLY_ACTIVE_ARCH = YES;
				SDKROOT = iphoneos;
				SWIFT_ACTIVE_COMPILATION_CONDITIONS = DEBUG;
				SWIFT_OPTIMIZATION_LEVEL = "-Onone";
			};
			name = Debug;
		};
		3C2678DF2670B59B006B77D8 /* Release */ = {
			isa = XCBuildConfiguration;
			buildSettings = {
				ALWAYS_SEARCH_USER_PATHS = NO;
				CLANG_ANALYZER_NONNULL = YES;
				CLANG_ANALYZER_NUMBER_OBJECT_CONVERSION = YES_AGGRESSIVE;
				CLANG_CXX_LANGUAGE_STANDARD = "gnu++14";
				CLANG_CXX_LIBRARY = "libc++";
				CLANG_ENABLE_MODULES = YES;
				CLANG_ENABLE_OBJC_ARC = YES;
				CLANG_ENABLE_OBJC_WEAK = YES;
				CLANG_WARN_BLOCK_CAPTURE_AUTORELEASING = YES;
				CLANG_WARN_BOOL_CONVERSION = YES;
				CLANG_WARN_COMMA = YES;
				CLANG_WARN_CONSTANT_CONVERSION = YES;
				CLANG_WARN_DEPRECATED_OBJC_IMPLEMENTATIONS = YES;
				CLANG_WARN_DIRECT_OBJC_ISA_USAGE = YES_ERROR;
				CLANG_WARN_DOCUMENTATION_COMMENTS = YES;
				CLANG_WARN_EMPTY_BODY = YES;
				CLANG_WARN_ENUM_CONVERSION = YES;
				CLANG_WARN_INFINITE_RECURSION = YES;
				CLANG_WARN_INT_CONVERSION = YES;
				CLANG_WARN_NON_LITERAL_NULL_CONVERSION = YES;
				CLANG_WARN_OBJC_IMPLICIT_RETAIN_SELF = YES;
				CLANG_WARN_OBJC_LITERAL_CONVERSION = YES;
				CLANG_WARN_OBJC_ROOT_CLASS = YES_ERROR;
				CLANG_WARN_QUOTED_INCLUDE_IN_FRAMEWORK_HEADER = YES;
				CLANG_WARN_RANGE_LOOP_ANALYSIS = YES;
				CLANG_WARN_STRICT_PROTOTYPES = YES;
				CLANG_WARN_SUSPICIOUS_MOVE = YES;
				CLANG_WARN_UNGUARDED_AVAILABILITY = YES_AGGRESSIVE;
				CLANG_WARN_UNREACHABLE_CODE = YES;
				CLANG_WARN__DUPLICATE_METHOD_MATCH = YES;
				COPY_PHASE_STRIP = NO;
				DEBUG_INFORMATION_FORMAT = "dwarf-with-dsym";
				ENABLE_NS_ASSERTIONS = NO;
				ENABLE_STRICT_OBJC_MSGSEND = YES;
				GCC_C_LANGUAGE_STANDARD = gnu11;
				GCC_NO_COMMON_BLOCKS = YES;
				GCC_WARN_64_TO_32_BIT_CONVERSION = YES;
				GCC_WARN_ABOUT_RETURN_TYPE = YES_ERROR;
				GCC_WARN_UNDECLARED_SELECTOR = YES;
				GCC_WARN_UNINITIALIZED_AUTOS = YES_AGGRESSIVE;
				GCC_WARN_UNUSED_FUNCTION = YES;
				GCC_WARN_UNUSED_VARIABLE = YES;
				IPHONEOS_DEPLOYMENT_TARGET = 14.4;
				MTL_ENABLE_DEBUG_INFO = NO;
				MTL_FAST_MATH = YES;
				SDKROOT = iphoneos;
				SWIFT_COMPILATION_MODE = wholemodule;
				SWIFT_OPTIMIZATION_LEVEL = "-O";
				VALIDATE_PRODUCT = YES;
			};
			name = Release;
		};
		3C2678E12670B59B006B77D8 /* Debug */ = {
			isa = XCBuildConfiguration;
			buildSettings = {
				ASSETCATALOG_COMPILER_APPICON_NAME = AppIcon;
				ASSETCATALOG_COMPILER_GLOBAL_ACCENT_COLOR_NAME = AccentColor;
				CODE_SIGN_STYLE = Automatic;
				DEVELOPMENT_TEAM = N2AN582NW2;
				INFOPLIST_FILE = "blocket-test/Info.plist";
				LD_RUNPATH_SEARCH_PATHS = (
					"$(inherited)",
					"@executable_path/Frameworks",
				);
				PRODUCT_BUNDLE_IDENTIFIER = "com.marchelmon.blocket-test";
				PRODUCT_NAME = "$(TARGET_NAME)";
				SWIFT_VERSION = 5.0;
				TARGETED_DEVICE_FAMILY = "1,2";
			};
			name = Debug;
		};
		3C2678E22670B59B006B77D8 /* Release */ = {
			isa = XCBuildConfiguration;
			buildSettings = {
				ASSETCATALOG_COMPILER_APPICON_NAME = AppIcon;
				ASSETCATALOG_COMPILER_GLOBAL_ACCENT_COLOR_NAME = AccentColor;
				CODE_SIGN_STYLE = Automatic;
				DEVELOPMENT_TEAM = N2AN582NW2;
				INFOPLIST_FILE = "blocket-test/Info.plist";
				LD_RUNPATH_SEARCH_PATHS = (
					"$(inherited)",
					"@executable_path/Frameworks",
				);
				PRODUCT_BUNDLE_IDENTIFIER = "com.marchelmon.blocket-test";
				PRODUCT_NAME = "$(TARGET_NAME)";
				SWIFT_VERSION = 5.0;
				TARGETED_DEVICE_FAMILY = "1,2";
			};
			name = Release;
		};
/* End XCBuildConfiguration section */

/* Begin XCConfigurationList section */
		3C2678C72670B599006B77D8 /* Build configuration list for PBXProject "blocket-test" */ = {
			isa = XCConfigurationList;
			buildConfigurations = (
				3C2678DE2670B59B006B77D8 /* Debug */,
				3C2678DF2670B59B006B77D8 /* Release */,
			);
			defaultConfigurationIsVisible = 0;
			defaultConfigurationName = Release;
		};
		3C2678E02670B59B006B77D8 /* Build configuration list for PBXNativeTarget "blocket-test" */ = {
			isa = XCConfigurationList;
			buildConfigurations = (
				3C2678E12670B59B006B77D8 /* Debug */,
				3C2678E22670B59B006B77D8 /* Release */,
			);
			defaultConfigurationIsVisible = 0;
			defaultConfigurationName = Release;
		};
/* End XCConfigurationList section */
	};
	rootObject = 3C2678C42670B599006B77D8 /* Project object */;
}
